
Microsoft Visual Studio Solution File, Format Version 12.00
# Visual Studio Version 17
VisualStudioVersion = 17.0.31903.59
MinimumVisualStudioVersion = 10.0.40219.1
Project("{2150E333-8FDC-42A3-9474-1A3956D46DE8}") = "src", "src", "{827E0CD3-B72D-47B6-A68D-7590B98EB39B}"
EndProject
Project("{FAE04EC0-301F-11D3-BF4B-00C04F79EFBC}") = "PFD.Shared", "src\PFD.Shared\PFD.Shared.csproj", "{4D337B45-3AF5-4E84-91AD-4B41EB8DA0F1}"
EndProject
Project("{FAE04EC0-301F-11D3-BF4B-00C04F79EFBC}") = "PFD.Data", "src\PFD.Data\PFD.Data.csproj", "{6DDC2F80-F1CC-4360-8D78-4CE810CEE710}"
EndProject
Project("{FAE04EC0-301F-11D3-BF4B-00C04F79EFBC}") = "PFD.Services", "src\PFD.Services\PFD.Services.csproj", "{C80FAACD-9299-4C63-8E51-494DF1A10205}"
EndProject
Project("{FAE04EC0-301F-11D3-BF4B-00C04F79EFBC}") = "PFD.Wpf", "src\PFD.Wpf\PFD.Wpf.csproj", "{DE74A6E1-2F1D-4996-956E-6E9EE4D400EB}"
EndProject
Project("{FAE04EC0-301F-11D3-BF4B-00C04F79EFBC}") = "PFD.Blazor", "src\PFD.Blazor\PFD.Blazor.csproj", "{6E882778-9697-458C-975A-9DE9C6A5789F}"
EndProject
Global
	GlobalSection(SolutionConfigurationPlatforms) = preSolution
		Debug|Any CPU = Debug|Any CPU
		Debug|x64 = Debug|x64
		Debug|x86 = Debug|x86
		Release|Any CPU = Release|Any CPU
		Release|x64 = Release|x64
		Release|x86 = Release|x86
	EndGlobalSection
	GlobalSection(ProjectConfigurationPlatforms) = postSolution
		{4D337B45-3AF5-4E84-91AD-4B41EB8DA0F1}.Debug|Any CPU.ActiveCfg = Debug|Any CPU
		{4D337B45-3AF5-4E84-91AD-4B41EB8DA0F1}.Debug|Any CPU.Build.0 = Debug|Any CPU
		{4D337B45-3AF5-4E84-91AD-4B41EB8DA0F1}.Debug|x64.ActiveCfg = Debug|Any CPU
		{4D337B45-3AF5-4E84-91AD-4B41EB8DA0F1}.Debug|x64.Build.0 = Debug|Any CPU
		{4D337B45-3AF5-4E84-91AD-4B41EB8DA0F1}.Debug|x86.ActiveCfg = Debug|Any CPU
		{4D337B45-3AF5-4E84-91AD-4B41EB8DA0F1}.Debug|x86.Build.0 = Debug|Any CPU
		{4D337B45-3AF5-4E84-91AD-4B41EB8DA0F1}.Release|Any CPU.ActiveCfg = Release|Any CPU
		{4D337B45-3AF5-4E84-91AD-4B41EB8DA0F1}.Release|Any CPU.Build.0 = Release|Any CPU
		{4D337B45-3AF5-4E84-91AD-4B41EB8DA0F1}.Release|x64.ActiveCfg = Release|Any CPU
		{4D337B45-3AF5-4E84-91AD-4B41EB8DA0F1}.Release|x64.Build.0 = Release|Any CPU
		{4D337B45-3AF5-4E84-91AD-4B41EB8DA0F1}.Release|x86.ActiveCfg = Release|Any CPU
		{4D337B45-3AF5-4E84-91AD-4B41EB8DA0F1}.Release|x86.Build.0 = Release|Any CPU
		{6DDC2F80-F1CC-4360-8D78-4CE810CEE710}.Debug|Any CPU.ActiveCfg = Debug|Any CPU
		{6DDC2F80-F1CC-4360-8D78-4CE810CEE710}.Debug|Any CPU.Build.0 = Debug|Any CPU
		{6DDC2F80-F1CC-4360-8D78-4CE810CEE710}.Debug|x64.ActiveCfg = Debug|Any CPU
		{6DDC2F80-F1CC-4360-8D78-4CE810CEE710}.Debug|x64.Build.0 = Debug|Any CPU
		{6DDC2F80-F1CC-4360-8D78-4CE810CEE710}.Debug|x86.ActiveCfg = Debug|Any CPU
		{6DDC2F80-F1CC-4360-8D78-4CE810CEE710}.Debug|x86.Build.0 = Debug|Any CPU
		{6DDC2F80-F1CC-4360-8D78-4CE810CEE710}.Release|Any CPU.ActiveCfg = Release|Any CPU
		{6DDC2F80-F1CC-4360-8D78-4CE810CEE710}.Release|Any CPU.Build.0 = Release|Any CPU
		{6DDC2F80-F1CC-4360-8D78-4CE810CEE710}.Release|x64.ActiveCfg = Release|Any CPU
		{6DDC2F80-F1CC-4360-8D78-4CE810CEE710}.Release|x64.Build.0 = Release|Any CPU
		{6DDC2F80-F1CC-4360-8D78-4CE810CEE710}.Release|x86.ActiveCfg = Release|Any CPU
		{6DDC2F80-F1CC-4360-8D78-4CE810CEE710}.Release|x86.Build.0 = Release|Any CPU
		{C80FAACD-9299-4C63-8E51-494DF1A10205}.Debug|Any CPU.ActiveCfg = Debug|Any CPU
		{C80FAACD-9299-4C63-8E51-494DF1A10205}.Debug|Any CPU.Build.0 = Debug|Any CPU
		{C80FAACD-9299-4C63-8E51-494DF1A10205}.Debug|x64.ActiveCfg = Debug|Any CPU
		{C80FAACD-9299-4C63-8E51-494DF1A10205}.Debug|x64.Build.0 = Debug|Any CPU
		{C80FAACD-9299-4C63-8E51-494DF1A10205}.Debug|x86.ActiveCfg = Debug|Any CPU
		{C80FAACD-9299-4C63-8E51-494DF1A10205}.Debug|x86.Build.0 = Debug|Any CPU
		{C80FAACD-9299-4C63-8E51-494DF1A10205}.Release|Any CPU.ActiveCfg = Release|Any CPU
		{C80FAACD-9299-4C63-8E51-494DF1A10205}.Release|Any CPU.Build.0 = Release|Any CPU
		{C80FAACD-9299-4C63-8E51-494DF1A10205}.Release|x64.ActiveCfg = Release|Any CPU
		{C80FAACD-9299-4C63-8E51-494DF1A10205}.Release|x64.Build.0 = Release|Any CPU
		{C80FAACD-9299-4C63-8E51-494DF1A10205}.Release|x86.ActiveCfg = Release|Any CPU
		{C80FAACD-9299-4C63-8E51-494DF1A10205}.Release|x86.Build.0 = Release|Any CPU
		{DE74A6E1-2F1D-4996-956E-6E9EE4D400EB}.Debug|Any CPU.ActiveCfg = Debug|Any CPU
		{DE74A6E1-2F1D-4996-956E-6E9EE4D400EB}.Debug|Any CPU.Build.0 = Debug|Any CPU
		{DE74A6E1-2F1D-4996-956E-6E9EE4D400EB}.Debug|x64.ActiveCfg = Debug|Any CPU
		{DE74A6E1-2F1D-4996-956E-6E9EE4D400EB}.Debug|x64.Build.0 = Debug|Any CPU
		{DE74A6E1-2F1D-4996-956E-6E9EE4D400EB}.Debug|x86.ActiveCfg = Debug|Any CPU
		{DE74A6E1-2F1D-4996-956E-6E9EE4D400EB}.Debug|x86.Build.0 = Debug|Any CPU
		{DE74A6E1-2F1D-4996-956E-6E9EE4D400EB}.Release|Any CPU.ActiveCfg = Release|Any CPU
		{DE74A6E1-2F1D-4996-956E-6E9EE4D400EB}.Release|Any CPU.Build.0 = Release|Any CPU
		{DE74A6E1-2F1D-4996-956E-6E9EE4D400EB}.Release|x64.ActiveCfg = Release|Any CPU
		{DE74A6E1-2F1D-4996-956E-6E9EE4D400EB}.Release|x64.Build.0 = Release|Any CPU
		{DE74A6E1-2F1D-4996-956E-6E9EE4D400EB}.Release|x86.ActiveCfg = Release|Any CPU
		{DE74A6E1-2F1D-4996-956E-6E9EE4D400EB}.Release|x86.Build.0 = Release|Any CPU
		{6E882778-9697-458C-975A-9DE9C6A5789F}.Debug|Any CPU.ActiveCfg = Debug|Any CPU
		{6E882778-9697-458C-975A-9DE9C6A5789F}.Debug|Any CPU.Build.0 = Debug|Any CPU
		{6E882778-9697-458C-975A-9DE9C6A5789F}.Debug|x64.ActiveCfg = Debug|Any CPU
		{6E882778-9697-458C-975A-9DE9C6A5789F}.Debug|x64.Build.0 = Debug|Any CPU
		{6E882778-9697-458C-975A-9DE9C6A5789F}.Debug|x86.ActiveCfg = Debug|Any CPU
		{6E882778-9697-458C-975A-9DE9C6A5789F}.Debug|x86.Build.0 = Debug|Any CPU
		{6E882778-9697-458C-975A-9DE9C6A5789F}.Release|Any CPU.ActiveCfg = Release|Any CPU
		{6E882778-9697-458C-975A-9DE9C6A5789F}.Release|Any CPU.Build.0 = Release|Any CPU
		{6E882778-9697-458C-975A-9DE9C6A5789F}.Release|x64.ActiveCfg = Release|Any CPU
		{6E882778-9697-458C-975A-9DE9C6A5789F}.Release|x64.Build.0 = Release|Any CPU
		{6E882778-9697-458C-975A-9DE9C6A5789F}.Release|x86.ActiveCfg = Release|Any CPU
		{6E882778-9697-458C-975A-9DE9C6A5789F}.Release|x86.Build.0 = Release|Any CPU
	EndGlobalSection
	GlobalSection(SolutionProperties) = preSolution
		HideSolutionNode = FALSE
	EndGlobalSection
	GlobalSection(NestedProjects) = preSolution
		{4D337B45-3AF5-4E84-91AD-4B41EB8DA0F1} = {827E0CD3-B72D-47B6-A68D-7590B98EB39B}
		{6DDC2F80-F1CC-4360-8D78-4CE810CEE710} = {827E0CD3-B72D-47B6-A68D-7590B98EB39B}
		{C80FAACD-9299-4C63-8E51-494DF1A10205} = {827E0CD3-B72D-47B6-A68D-7590B98EB39B}
		{DE74A6E1-2F1D-4996-956E-6E9EE4D400EB} = {827E0CD3-B72D-47B6-A68D-7590B98EB39B}
		{6E882778-9697-458C-975A-9DE9C6A5789F} = {827E0CD3-B72D-47B6-A68D-7590B98EB39B}
	EndGlobalSection
EndGlobal
